
Microsoft Visual Studio Solution File, Format Version 11.00
# Visual Studio 2010
Project("{FAE04EC0-301F-11D3-BF4B-00C04F79EFBC}") = "TestSuite", "TestSuite\TestSuite.csproj", "{AC7D9945-BFED-473E-B3BA-FE0F89EAA0AC}"
EndProject
Project("{FAE04EC0-301F-11D3-BF4B-00C04F79EFBC}") = "SysconCommon", "SysconCommon\SysconCommon.csproj", "{4EE1750F-BDE7-4664-B76F-86F60C45390E}"
EndProject
Project("{FAE04EC0-301F-11D3-BF4B-00C04F79EFBC}") = "SysconCommon.Algebras.DataTables.Excel", "SysconCommon.Algebras.DataTables.Excel\SysconCommon.Algebras.DataTables.Excel.csproj", "{1C1F0762-9B58-421C-812E-CCCFC243BAB0}"
EndProject
Global
	GlobalSection(SolutionConfigurationPlatforms) = preSolution
		Debug|Any CPU = Debug|Any CPU
		Release|Any CPU = Release|Any CPU
	EndGlobalSection
	GlobalSection(ProjectConfigurationPlatforms) = postSolution
		{AC7D9945-BFED-473E-B3BA-FE0F89EAA0AC}.Debug|Any CPU.ActiveCfg = Debug|Any CPU
		{AC7D9945-BFED-473E-B3BA-FE0F89EAA0AC}.Debug|Any CPU.Build.0 = Debug|Any CPU
		{AC7D9945-BFED-473E-B3BA-FE0F89EAA0AC}.Release|Any CPU.ActiveCfg = Release|Any CPU
		{AC7D9945-BFED-473E-B3BA-FE0F89EAA0AC}.Release|Any CPU.Build.0 = Release|Any CPU
		{4EE1750F-BDE7-4664-B76F-86F60C45390E}.Debug|Any CPU.ActiveCfg = Debug|Any CPU
		{4EE1750F-BDE7-4664-B76F-86F60C45390E}.Debug|Any CPU.Build.0 = Debug|Any CPU
		{4EE1750F-BDE7-4664-B76F-86F60C45390E}.Release|Any CPU.ActiveCfg = Release|Any CPU
		{4EE1750F-BDE7-4664-B76F-86F60C45390E}.Release|Any CPU.Build.0 = Release|Any CPU
		{1C1F0762-9B58-421C-812E-CCCFC243BAB0}.Debug|Any CPU.ActiveCfg = Debug|Any CPU
		{1C1F0762-9B58-421C-812E-CCCFC243BAB0}.Debug|Any CPU.Build.0 = Debug|Any CPU
		{1C1F0762-9B58-421C-812E-CCCFC243BAB0}.Release|Any CPU.ActiveCfg = Release|Any CPU
		{1C1F0762-9B58-421C-812E-CCCFC243BAB0}.Release|Any CPU.Build.0 = Release|Any CPU
	EndGlobalSection
	GlobalSection(SolutionProperties) = preSolution
		HideSolutionNode = FALSE
	EndGlobalSection
EndGlobal
